hash: 311850066f64fa4db5107c92ef7b10e203e11fa74ea1aa1d1f572206375b3f0f
updated: 2017-07-20T15:26:32.250936209+12:00
imports:
- name: github.com/blang/semver
  version: 60ec3488bfea7cca02b021d106d9911120d25fe9
- name: github.com/briandowns/spinner
  version: ec599f41a86d9a71c359e224bd71a2df3e909a3d
- name: github.com/cheggaaa/pb
  version: d7e6ca3010b6f084d8056847f55d7f572f180678
- name: github.com/codegangsta/cli
  version: 0bdeddeeb0f650497d603c4ad7b20cfe685682f6
- name: github.com/codelingo/cayley
  version: 968ab96ec44521a921003749cbdd492503c49216
  subpackages:
  - exporter
  - graph
  - graph/bolt
  - graph/iterator
  - graph/path
  - quad
  - voc
  - voc/schema
  - writer
- name: github.com/codelingo/flow
  version: 9b0832e6cc02f1946f397c9f544168844f35b824
  subpackages:
  - backend/service/client
  - backend/service/flow
- name: github.com/codelingo/kit
  version: 27b2194fb0398eb38d86f436cc375f48d32b2850
  subpackages:
  - endpoint
  - log
  - pubsub
  - pubsub/rabbitmq
  - sd
  - sd/lb
  - transport/grpc
- name: github.com/codelingo/lib
  version: 1a9d70d5544b6de6eb02475b870248e5258b37d7
- name: github.com/codelingo/platform
  version: d4a3d9a4c21b22721e1f107fa00af699a11171c8
  subpackages:
  - controller/graphdb/query/result
- name: github.com/docker/docker
  version: cc8b8ce0b3d2d6b3345687464d3a3b1c2c4971ef
  subpackages:
  - api/types/filters
  - api/types/versions
  - opts
  - pkg/archive
  - pkg/fileutils
  - pkg/homedir
  - pkg/idtools
  - pkg/ioutils
  - pkg/longpath
  - pkg/pools
  - pkg/promise
  - pkg/stdcopy
  - pkg/system
- name: github.com/docker/engine-api
  version: fa0eea948c32ababd784fc1ad76172d986617e56
  subpackages:
  - types/mount
  - types/swarm
- name: github.com/docker/go-units
  version: 9b001659dd36225e356b4467c465d732e745f53d
- name: github.com/fatih/color
  version: 570b54cabe6b8eb0bc2dfce68d964677d63b5260
- name: github.com/fsouza/go-dockerclient
  version: 2ce05b8e04b7475b63ae21c1aeaf72b8a5b05eb5
- name: github.com/go-logfmt/logfmt
  version: d4327190ff838312623b09bfeb50d7c93c8d9c1d
- name: github.com/go-stack/stack
  version: 54be5f394ed2c3e19dac9134a40a95ba5a017f7b
- name: github.com/gogits/go-gogs-client
  version: d8aff570fa22d4e38954c753ec8b21862239b31d
- name: github.com/golang/protobuf
  version: 98fa357170587e470c5f27d3c3ea0947b71eb455
  subpackages:
  - proto
  - ptypes/any
- name: github.com/hashicorp/go-cleanhttp
  version: ad28ea4487f05916463e2423a55166280e8254b5
- name: github.com/hishboy/gocommons
  version: 89887b2ade6d89e3b322e2e3c8e337ad5c6a447b
  subpackages:
  - lang
- name: github.com/howeyc/gopass
  version: bf9dde6d0d2c004a008c27aaee91170c786f6db8
- name: github.com/juju/errors
  version: 1b5e39b83d1835fa480e0c2ddefb040ee82d58b3
- name: github.com/juju/loggo
  version: 0e0537f18a29c2f0a814dad75b1ccc577852538a
- name: github.com/juju/testing
  version: 321edad6b2d1ccac4af9ee05c25b8ad734d40546
  subpackages:
  - checkers
- name: github.com/juju/utils
  version: bdb77b07e7e3f77463d10d2b554cd1b7a78009a2
  subpackages:
  - clock
- name: github.com/kr/logfmt
  version: b84e30acd515aadc4b783ad4ff83aff3299bdfe0
- name: github.com/mattn/go-colorable
  version: 5411d3eea5978e6cdc258b30de592b60df6aba96
  repo: https://github.com/mattn/go-colorable
- name: github.com/mattn/go-isatty
  version: 57fdcb988a5c543893cc61bce354a6e24ab70022
  repo: https://github.com/mattn/go-isatty
- name: github.com/mattn/go-runewidth
  version: 737072b4e32b7a5018b4a7125da8d12de90e8045
- name: github.com/mitchellh/go-homedir
  version: 756f7b183b7ab78acdbbee5c7f392838ed459dda
- name: github.com/opencontainers/runc
  version: 189a2ab2f7acc59043e457cea25b58f631443f08
  subpackages:
  - libcontainer/system
  - libcontainer/user
- name: github.com/opentracing/opentracing-go
  version: 0c3154a3c2ce79d3271985848659870599dfb77c
  subpackages:
  - log
- name: github.com/Sirupsen/logrus
  version: 08a8a7c27e3d058a8989316a850daad1c10bf4ab
- name: github.com/streadway/amqp
  version: 2e25825abdbd7752ff08b270d313b93519a0a232
- name: github.com/waigani/diffparser
  version: 42ae6ebdde8d5414cb002ac435c1d6be3f926c32
- name: go.uber.org/atomic
  version: 4e336646b2ef9fc6e47be8e21594178f98e5ebcf
- name: go.uber.org/zap
  version: 1550bc05539134bbf8612a35f34a79ab8bf34ee3
  subpackages:
  - buffer
  - internal/bufferpool
  - internal/color
  - internal/exit
  - internal/multierror
  - zapcore
- name: golang.org/x/crypto
  version: c197bcf24cde29d3f73c7b4ac6fd41f4384e8af6
  subpackages:
  - pbkdf2
  - ssh/terminal
- name: golang.org/x/net
  version: da118f7b8e5954f39d0d2130ab35d4bf0e3cb344
  subpackages:
  - context
  - context/ctxhttp
  - http2
  - http2/hpack
  - idna
  - internal/timeseries
  - lex/httplex
  - trace
- name: golang.org/x/sys
  version: 9ccfe848b9db8435a24c424abbc07a921adf1df5
  subpackages:
  - unix
- name: golang.org/x/text
  version: 5a42fa2464759cbb7ee0af9de00b54d69f09a29c
  subpackages:
  - secure/bidirule
  - transform
  - unicode/bidi
  - unicode/norm
- name: google.golang.org/genproto
  version: 411e09b969b1170a9f0c467558eb4c4c110d9c77
  subpackages:
  - googleapis/rpc/status
- name: google.golang.org/grpc
  version: b15215fb911b24a5d61d57feec4233d610530464
  subpackages:
  - codes
  - credentials
  - grpclb/grpc_lb_v1
  - grpclog
  - internal
  - keepalive
  - metadata
  - naming
  - peer
  - stats
  - status
  - tap
  - transport
- name: gopkg.in/check.v1
  version: 4f90aeace3a26ad7021961c297b22c42160c7b25
- name: gopkg.in/mgo.v2
  version: 01ee097136da162d1dd3c9b44fbdf3abf4fd6552
  subpackages:
  - bson
  - internal/sasl
  - internal/scram
- name: gopkg.in/yaml.v1
  version: 9f9df34309c04878acc86042b16630b0f696e1de
- name: gopkg.in/yaml.v2
  version: e4d366fc3c7938e2958e662b4258c7a89e1f0e3e
testImports: []
