hash: 5a6bebb8741544f5595cfab4cc704b138e9fb569de04f9e1258ce54f0d790f77
updated: 2016-10-12T12:24:37.454414521+13:00
imports:
- name: github.com/blang/semver
  version: 60ec3488bfea7cca02b021d106d9911120d25fe9
- name: github.com/codegangsta/cli
  version: a14d7d367bc02b1f57d88de97926727f2d936387
- name: github.com/codelingo/kit
  version: 8a537aeac56d73daef58078fe8e8dd4c58db4ef8
  subpackages:
  - endpoint
  - log
  - pubsub
  - pubsub/rabbitmq
  - sd
  - sd/lb
  - transport/grpc
- name: github.com/docker/docker
  version: bf0077c138a1cf64a42828014c44f8e2b2001703
  subpackages:
  - opts
  - pkg/archive
  - pkg/fileutils
  - pkg/homedir
  - pkg/idtools
  - pkg/ioutils
  - pkg/longpath
  - pkg/pools
  - pkg/promise
  - pkg/stdcopy
  - pkg/system
- name: github.com/docker/engine-api
  version: fa0eea948c32ababd784fc1ad76172d986617e56
  subpackages:
  - types/filters
  - types/mount
  - types/swarm
  - types/versions
- name: github.com/docker/go-units
  version: 9b001659dd36225e356b4467c465d732e745f53d
- name: github.com/fatih/color
  version: 87d4004f2ab62d0d255e0a38f1680aa534549fe3
- name: github.com/fsouza/go-dockerclient
  version: 2ce05b8e04b7475b63ae21c1aeaf72b8a5b05eb5
- name: github.com/go-logfmt/logfmt
  version: d4327190ff838312623b09bfeb50d7c93c8d9c1d
- name: github.com/go-stack/stack
  version: 100eb0c0a9c5b306ca2fb4f165df21d80ada4b82
- name: github.com/gogits/go-gogs-client
  version: d8aff570fa22d4e38954c753ec8b21862239b31d
- name: github.com/golang/protobuf
  version: 888eb0692c857ec880338addf316bd662d5e630e
  subpackages:
  - proto
- name: github.com/hashicorp/go-cleanhttp
  version: ad28ea4487f05916463e2423a55166280e8254b5
- name: github.com/juju/errors
  version: 1b5e39b83d1835fa480e0c2ddefb040ee82d58b3
- name: github.com/juju/loggo
  version: 0e0537f18a29c2f0a814dad75b1ccc577852538a
- name: github.com/juju/testing
  version: 321edad6b2d1ccac4af9ee05c25b8ad734d40546
  subpackages:
  - checkers
- name: github.com/juju/utils
  version: bdb77b07e7e3f77463d10d2b554cd1b7a78009a2
  subpackages:
  - clock
- name: github.com/kr/logfmt
  version: b84e30acd515aadc4b783ad4ff83aff3299bdfe0
- name: github.com/lightstep/lightstep-tracer-go
  version: 42c31c53ad6e190563d3a733155a43f10f0691f8
- name: github.com/mattn/go-colorable
  version: ed8eb9e318d7a84ce5915b495b7d35e0cfe7b5a8
- name: github.com/mattn/go-isatty
  version: 66b8e73f3f5cda9f96b69efd03dd3d7fc4a5cdb8
- name: github.com/mitchellh/go-homedir
  version: 756f7b183b7ab78acdbbee5c7f392838ed459dda
- name: github.com/opencontainers/runc
  version: 189a2ab2f7acc59043e457cea25b58f631443f08
  subpackages:
  - libcontainer/system
  - libcontainer/user
- name: github.com/opentracing/basictracer-go
  version: 8d298b35c67ed83c7565d36bd2928b7be8c06ba8
- name: github.com/opentracing/opentracing-go
  version: a3b886889ac213bb046a3214181207ee865f8f27
- name: github.com/openzipkin/zipkin-go-opentracing
  version: a20910139607957cf3a4c0903421e637feebb621
- name: github.com/pkg/browser
  version: 9302be274faad99162b9d48ec97b24306872ebb0
- name: github.com/Sirupsen/logrus
  version: 08a8a7c27e3d058a8989316a850daad1c10bf4ab
- name: github.com/skratchdot/open-golang
  version: 75fb7ed4208cf72d323d7d02fd1a5964a7a9073c
  subpackages:
  - open
- name: github.com/sourcegraph/appdash
  version: 26a631f9dd067865f87a885179204f4499a33de3
  subpackages:
  - opentracing
- name: github.com/streadway/amqp
  version: 2e25825abdbd7752ff08b270d313b93519a0a232
- name: github.com/waigani/diffparser
  version: 42ae6ebdde8d5414cb002ac435c1d6be3f926c32
- name: golang.org/x/crypto
  version: c197bcf24cde29d3f73c7b4ac6fd41f4384e8af6
  subpackages:
  - pbkdf2
  - ssh/terminal
- name: golang.org/x/net
  version: 0d8126fc6144eb5257485c59148128691e8ff849
  subpackages:
  - context
  - context/ctxhttp
  - http2
  - http2/hpack
  - idna
  - internal/timeseries
  - lex/httplex
  - trace
- name: golang.org/x/sys
  version: a646d33e2ee3172a661fc09bca23bb4889a41bc8
  subpackages:
  - unix
- name: google.golang.org/grpc
  version: b1a2821ca5a4fd6b6e48ddfbb7d6d7584d839d21
  subpackages:
  - codes
  - credentials
  - grpclog
  - internal
  - metadata
  - naming
  - peer
  - transport
- name: gopkg.in/check.v1
  version: 4f90aeace3a26ad7021961c297b22c42160c7b25
- name: gopkg.in/mgo.v2
  version: 01ee097136da162d1dd3c9b44fbdf3abf4fd6552
  subpackages:
  - bson
  - internal/sasl
  - internal/scram
- name: gopkg.in/yaml.v1
  version: 9f9df34309c04878acc86042b16630b0f696e1de
- name: gopkg.in/yaml.v2
  version: e4d366fc3c7938e2958e662b4258c7a89e1f0e3e
- name: sourcegraph.com/sourcegraph/appdash
  version: ca429ff5af815db4185bbc0ab3984a483eb37ee6
testImports:
- name: github.com/waigani/xxx
  version: 996d259109d1481f6cb397c495801602216175e2
